// !$*UTF8*$!
{
	archiveVersion = 1;
	classes = {
	};
	objectVersion = 46;
	objects = {

/* Begin PBXBuildFile section */
		18A685D71E88E6A00006E116 /* AppDelegate.swift in Sources */ = {isa = PBXBuildFile; fileRef = 18A685D61E88E6A00006E116 /* AppDelegate.swift */; };
		18A685D91E88E6A00006E116 /* ViewController.swift in Sources */ = {isa = PBXBuildFile; fileRef = 18A685D81E88E6A00006E116 /* ViewController.swift */; };
		18A685DC1E88E6A00006E116 /* Main.storyboard in Resources */ = {isa = PBXBuildFile; fileRef = 18A685DA1E88E6A00006E116 /* Main.storyboard */; };
		18A685DE1E88E6A00006E116 /* Assets.xcassets in Resources */ = {isa = PBXBuildFile; fileRef = 18A685DD1E88E6A00006E116 /* Assets.xcassets */; };
		18A685E11E88E6A00006E116 /* LaunchScreen.storyboard in Resources */ = {isa = PBXBuildFile; fileRef = 18A685DF1E88E6A00006E116 /* LaunchScreen.storyboard */; };
		18A685E91E88E6C30006E116 /* WebRTCTool.swift in Sources */ = {isa = PBXBuildFile; fileRef = 18A685E81E88E6C30006E116 /* WebRTCTool.swift */; };
		18A685F11E88E9660006E116 /* WebRTC.framework in Frameworks */ = {isa = PBXBuildFile; fileRef = 18A685F01E88E9660006E116 /* WebRTC.framework */; };
		B0BF50F41E8904B000FF2A50 /* WebSocketIOTool.swift in Sources */ = {isa = PBXBuildFile; fileRef = B0BF50F31E8904B000FF2A50 /* WebSocketIOTool.swift */; };
		B0BF50F61E8910F000FF2A50 /* WebRTC.framework in Embed Frameworks */ = {isa = PBXBuildFile; fileRef = 18A685F01E88E9660006E116 /* WebRTC.framework */; settings = {ATTRIBUTES = (CodeSignOnCopy, RemoveHeadersOnCopy, ); }; };
		F6D656F3A3930A2310EFE901 /* Pods_WebRTCSwift.framework in Frameworks */ = {isa = PBXBuildFile; fileRef = E66B0928C0799EF5B14E77C6 /* Pods_WebRTCSwift.framework */; };
/* End PBXBuildFile section */

/* Begin PBXCopyFilesBuildPhase section */
		B0BF50F71E8910F000FF2A50 /* Embed Frameworks */ = {
			isa = PBXCopyFilesBuildPhase;
			buildActionMask = 2147483647;
			dstPath = "";
			dstSubfolderSpec = 10;
			files = (
				B0BF50F61E8910F000FF2A50 /* WebRTC.framework in Embed Frameworks */,
			);
			name = "Embed Frameworks";
			runOnlyForDeploymentPostprocessing = 0;
		};
/* End PBXCopyFilesBuildPhase section */

/* Begin PBXFileReference section */
		18A685D31E88E6A00006E116 /* WebRTCSwift.app */ = {isa = PBXFileReference; explicitFileType = wrapper.application; includeInIndex = 0; path = WebRTCSwift.app; sourceTree = BUILT_PRODUCTS_DIR; };
		18A685D61E88E6A00006E116 /* AppDelegate.swift */ = {isa = PBXFileReference; lastKnownFileType = sourcecode.swift; path = AppDelegate.swift; sourceTree = "<group>"; };
		18A685D81E88E6A00006E116 /* ViewController.swift */ = {isa = PBXFileReference; lastKnownFileType = sourcecode.swift; path = ViewController.swift; sourceTree = "<group>"; };
		18A685DB1E88E6A00006E116 /* Base */ = {isa = PBXFileReference; lastKnownFileType = file.storyboard; name = Base; path = Base.lproj/Main.storyboard; sourceTree = "<group>"; };
		18A685DD1E88E6A00006E116 /* Assets.xcassets */ = {isa = PBXFileReference; lastKnownFileType = folder.assetcatalog; path = Assets.xcassets; sourceTree = "<group>"; };
		18A685E01E88E6A00006E116 /* Base */ = {isa = PBXFileReference; lastKnownFileType = file.storyboard; name = Base; path = Base.lproj/LaunchScreen.storyboard; sourceTree = "<group>"; };
		18A685E21E88E6A00006E116 /* Info.plist */ = {isa = PBXFileReference; lastKnownFileType = text.plist.xml; path = Info.plist; sourceTree = "<group>"; };
		18A685E81E88E6C30006E116 /* WebRTCTool.swift */ = {isa = PBXFileReference; fileEncoding = 4; lastKnownFileType = sourcecode.swift; path = WebRTCTool.swift; sourceTree = "<group>"; };
		18A685F01E88E9660006E116 /* WebRTC.framework */ = {isa = PBXFileReference; lastKnownFileType = wrapper.framework; path = WebRTC.framework; sourceTree = "<group>"; };
		73B3B5DB9F1C7FC849DBB35F /* Pods-WebRTCSwift.release.xcconfig */ = {isa = PBXFileReference; includeInIndex = 1; lastKnownFileType = text.xcconfig; name = "Pods-WebRTCSwift.release.xcconfig"; path = "Pods/Target Support Files/Pods-WebRTCSwift/Pods-WebRTCSwift.release.xcconfig"; sourceTree = "<group>"; };
		B0BF50F31E8904B000FF2A50 /* WebSocketIOTool.swift */ = {isa = PBXFileReference; fileEncoding = 4; lastKnownFileType = sourcecode.swift; path = WebSocketIOTool.swift; sourceTree = "<group>"; };
		E66B0928C0799EF5B14E77C6 /* Pods_WebRTCSwift.framework */ = {isa = PBXFileReference; explicitFileType = wrapper.framework; includeInIndex = 0; path = Pods_WebRTCSwift.framework; sourceTree = BUILT_PRODUCTS_DIR; };
		F49398CA026D9809A891F14A /* Pods-WebRTCSwift.debug.xcconfig */ = {isa = PBXFileReference; includeInIndex = 1; lastKnownFileType = text.xcconfig; name = "Pods-WebRTCSwift.debug.xcconfig"; path = "Pods/Target Support Files/Pods-WebRTCSwift/Pods-WebRTCSwift.debug.xcconfig"; sourceTree = "<group>"; };
/* End PBXFileReference section */

/* Begin PBXFrameworksBuildPhase section */
		18A685D01E88E6A00006E116 /* Frameworks */ = {
			isa = PBXFrameworksBuildPhase;
			buildActionMask = 2147483647;
			files = (
				F6D656F3A3930A2310EFE901 /* Pods_WebRTCSwift.framework in Frameworks */,
				18A685F11E88E9660006E116 /* WebRTC.framework in Frameworks */,
			);
			runOnlyForDeploymentPostprocessing = 0;
		};
/* End PBXFrameworksBuildPhase section */

/* Begin PBXGroup section */
		18A685CA1E88E6A00006E116 = {
			isa = PBXGroup;
			children = (
				18A685D51E88E6A00006E116 /* WebRTCSwift */,
				18A685D41E88E6A00006E116 /* Products */,
				33CF264DB98C1CEA681EBF7F /* Pods */,
				22A6E864F19FAD9C4AEAF9A3 /* Frameworks */,
			);
			sourceTree = "<group>";
		};
		18A685D41E88E6A00006E116 /* Products */ = {
			isa = PBXGroup;
			children = (
				18A685D31E88E6A00006E116 /* WebRTCSwift.app */,
			);
			name = Products;
			sourceTree = "<group>";
		};
		18A685D51E88E6A00006E116 /* WebRTCSwift */ = {
			isa = PBXGroup;
			children = (
				18A685EF1E88E9660006E116 /* WebRTC */,
				18A685D61E88E6A00006E116 /* AppDelegate.swift */,
				18A685D81E88E6A00006E116 /* ViewController.swift */,
				18A685DA1E88E6A00006E116 /* Main.storyboard */,
				18A685DD1E88E6A00006E116 /* Assets.xcassets */,
				18A685DF1E88E6A00006E116 /* LaunchScreen.storyboard */,
				18A685E21E88E6A00006E116 /* Info.plist */,
				B0BF50F31E8904B000FF2A50 /* WebSocketIOTool.swift */,
				18A685E81E88E6C30006E116 /* WebRTCTool.swift */,
			);
			path = WebRTCSwift;
			sourceTree = "<group>";
		};
		18A685EF1E88E9660006E116 /* WebRTC */ = {
			isa = PBXGroup;
			children = (
				18A685F01E88E9660006E116 /* WebRTC.framework */,
			);
			path = WebRTC;
			sourceTree = "<group>";
		};
		22A6E864F19FAD9C4AEAF9A3 /* Frameworks */ = {
			isa = PBXGroup;
			children = (
				E66B0928C0799EF5B14E77C6 /* Pods_WebRTCSwift.framework */,
			);
			name = Frameworks;
			sourceTree = "<group>";
		};
		33CF264DB98C1CEA681EBF7F /* Pods */ = {
			isa = PBXGroup;
			children = (
				F49398CA026D9809A891F14A /* Pods-WebRTCSwift.debug.xcconfig */,
				73B3B5DB9F1C7FC849DBB35F /* Pods-WebRTCSwift.release.xcconfig */,
			);
			name = Pods;
			sourceTree = "<group>";
		};
/* End PBXGroup section */

/* Begin PBXNativeTarget section */
		18A685D21E88E6A00006E116 /* WebRTCSwift */ = {
			isa = PBXNativeTarget;
			buildConfigurationList = 18A685E51E88E6A00006E116 /* Build configuration list for PBXNativeTarget "WebRTCSwift" */;
			buildPhases = (
				467DA871725913563C8A3C79 /* [CP] Check Pods Manifest.lock */,
				18A685CF1E88E6A00006E116 /* Sources */,
				18A685D01E88E6A00006E116 /* Frameworks */,
				18A685D11E88E6A00006E116 /* Resources */,
				C32D6A3D4368B505009D393C /* [CP] Embed Pods Frameworks */,
				0DB7EE278B39AD4CFEE37B0C /* [CP] Copy Pods Resources */,
				B0BF50F71E8910F000FF2A50 /* Embed Frameworks */,
			);
			buildRules = (
			);
			dependencies = (
			);
			name = WebRTCSwift;
			productName = WebRTCSwift;
			productReference = 18A685D31E88E6A00006E116 /* WebRTCSwift.app */;
			productType = "com.apple.product-type.application";
		};
/* End PBXNativeTarget section */

/* Begin PBXProject section */
		18A685CB1E88E6A00006E116 /* Project object */ = {
			isa = PBXProject;
			attributes = {
				LastSwiftUpdateCheck = 0800;
				LastUpgradeCheck = 0800;
				ORGANIZATIONNAME = apple;
				TargetAttributes = {
					18A685D21E88E6A00006E116 = {
						CreatedOnToolsVersion = 8.0;
						DevelopmentTeam = J46LC7KBX4;
						ProvisioningStyle = Automatic;
					};
				};
			};
			buildConfigurationList = 18A685CE1E88E6A00006E116 /* Build configuration list for PBXProject "WebRTCSwift" */;
			compatibilityVersion = "Xcode 3.2";
			developmentRegion = English;
			hasScannedForEncodings = 0;
			knownRegions = (
				en,
				Base,
			);
			mainGroup = 18A685CA1E88E6A00006E116;
			productRefGroup = 18A685D41E88E6A00006E116 /* Products */;
			projectDirPath = "";
			projectRoot = "";
			targets = (
				18A685D21E88E6A00006E116 /* WebRTCSwift */,
			);
		};
/* End PBXProject section */

/* Begin PBXResourcesBuildPhase section */
		18A685D11E88E6A00006E116 /* Resources */ = {
			isa = PBXResourcesBuildPhase;
			buildActionMask = 2147483647;
			files = (
				18A685E11E88E6A00006E116 /* LaunchScreen.storyboard in Resources */,
				18A685DE1E88E6A00006E116 /* Assets.xcassets in Resources */,
				18A685DC1E88E6A00006E116 /* Main.storyboard in Resources */,
			);
			runOnlyForDeploymentPostprocessing = 0;
		};
/* End PBXResourcesBuildPhase section */

/* Begin PBXShellScriptBuildPhase section */
		0DB7EE278B39AD4CFEE37B0C /* [CP] Copy Pods Resources */ = {
			isa = PBXShellScriptBuildPhase;
			buildActionMask = 2147483647;
			files = (
			);
			inputPaths = (
			);
			name = "[CP] Copy Pods Resources";
			outputPaths = (
			);
			runOnlyForDeploymentPostprocessing = 0;
			shellPath = /bin/sh;
			shellScript = "\"${SRCROOT}/Pods/Target Support Files/Pods-WebRTCSwift/Pods-WebRTCSwift-resources.sh\"\n";
			showEnvVarsInLog = 0;
		};
		467DA871725913563C8A3C79 /* [CP] Check Pods Manifest.lock */ = {
			isa = PBXShellScriptBuildPhase;
			buildActionMask = 2147483647;
			files = (
			);
			inputPaths = (
			);
			name = "[CP] Check Pods Manifest.lock";
			outputPaths = (
			);
			runOnlyForDeploymentPostprocessing = 0;
			shellPath = /bin/sh;
			shellScript = "diff \"${PODS_ROOT}/../Podfile.lock\" \"${PODS_ROOT}/Manifest.lock\" > /dev/null\nif [ $? != 0 ] ; then\n    # print error to STDERR\n    echo \"error: The sandbox is not in sync with the Podfile.lock. Run 'pod install' or update your CocoaPods installation.\" >&2\n    exit 1\nfi\n";
			showEnvVarsInLog = 0;
		};
		C32D6A3D4368B505009D393C /* [CP] Embed Pods Frameworks */ = {
			isa = PBXShellScriptBuildPhase;
			buildActionMask = 2147483647;
			files = (
			);
			inputPaths = (
			);
			name = "[CP] Embed Pods Frameworks";
			outputPaths = (
			);
			runOnlyForDeploymentPostprocessing = 0;
			shellPath = /bin/sh;
			shellScript = "\"${SRCROOT}/Pods/Target Support Files/Pods-WebRTCSwift/Pods-WebRTCSwift-frameworks.sh\"\n";
			showEnvVarsInLog = 0;
		};
/* End PBXShellScriptBuildPhase section */

/* Begin PBXSourcesBuildPhase section */
		18A685CF1E88E6A00006E116 /* Sources */ = {
			isa = PBXSourcesBuildPhase;
			buildActionMask = 2147483647;
			files = (
				18A685D91E88E6A00006E116 /* ViewController.swift in Sources */,
				B0BF50F41E8904B000FF2A50 /* WebSocketIOTool.swift in Sources */,
				18A685E91E88E6C30006E116 /* WebRTCTool.swift in Sources */,
				18A685D71E88E6A00006E116 /* AppDelegate.swift in Sources */,
			);
			runOnlyForDeploymentPostprocessing = 0;
		};
/* End PBXSourcesBuildPhase section */

/* Begin PBXVariantGroup section */
		18A685DA1E88E6A00006E116 /* Main.storyboard */ = {
			isa = PBXVariantGroup;
			children = (
				18A685DB1E88E6A00006E116 /* Base */,
			);
			name = Main.storyboard;
			sourceTree = "<group>";
		};
		18A685DF1E88E6A00006E116 /* LaunchScreen.storyboard */ = {
			isa = PBXVariantGroup;
			children = (
				18A685E01E88E6A00006E116 /* Base */,
			);
			name = LaunchScreen.storyboard;
			sourceTree = "<group>";
		};
/* End PBXVariantGroup section */

/* Begin XCBuildConfiguration section */
		18A685E31E88E6A00006E116 /* Debug */ = {
			isa = XCBuildConfiguration;
			buildSettings = {
				ALWAYS_SEARCH_USER_PATHS = NO;
				CLANG_ANALYZER_NONNULL = YES;
				CLANG_CXX_LANGUAGE_STANDARD = "gnu++0x";
				CLANG_CXX_LIBRARY = "libc++";
				CLANG_ENABLE_MODULES = YES;
				CLANG_ENABLE_OBJC_ARC = YES;
				CLANG_WARN_BOOL_CONVERSION = YES;
				CLANG_WARN_CONSTANT_CONVERSION = YES;
				CLANG_WARN_DIRECT_OBJC_ISA_USAGE = YES_ERROR;
				CLANG_WARN_DOCUMENTATION_COMMENTS = YES;
				CLANG_WARN_EMPTY_BODY = YES;
				CLANG_WARN_ENUM_CONVERSION = YES;
				CLANG_WARN_INFINITE_RECURSION = YES;
				CLANG_WARN_INT_CONVERSION = YES;
				CLANG_WARN_OBJC_ROOT_CLASS = YES_ERROR;
				CLANG_WARN_SUSPICIOUS_MOVES = YES;
				CLANG_WARN_UNREACHABLE_CODE = YES;
				CLANG_WARN__DUPLICATE_METHOD_MATCH = YES;
				"CODE_SIGN_IDENTITY[sdk=iphoneos*]" = "iPhone Developer";
				COPY_PHASE_STRIP = NO;
				DEBUG_INFORMATION_FORMAT = dwarf;
				ENABLE_STRICT_OBJC_MSGSEND = YES;
				ENABLE_TESTABILITY = YES;
				GCC_C_LANGUAGE_STANDARD = gnu99;
				GCC_DYNAMIC_NO_PIC = NO;
				GCC_NO_COMMON_BLOCKS = YES;
				GCC_OPTIMIZATION_LEVEL = 0;
				GCC_PREPROCESSOR_DEFINITIONS = (
					"DEBUG=1",
					"$(inherited)",
				);
				GCC_WARN_64_TO_32_BIT_CONVERSION = YES;
				GCC_WARN_ABOUT_RETURN_TYPE = YES_ERROR;
				GCC_WARN_UNDECLARED_SELECTOR = YES;
				GCC_WARN_UNINITIALIZED_AUTOS = YES_AGGRESSIVE;
				GCC_WARN_UNUSED_FUNCTION = YES;
				GCC_WARN_UNUSED_VARIABLE = YES;
				IPHONEOS_DEPLOYMENT_TARGET = 10.0;
				MTL_ENABLE_DEBUG_INFO = YES;
				ONLY_ACTIVE_ARCH = YES;
				SDKROOT = iphoneos;
				SWIFT_ACTIVE_COMPILATION_CONDITIONS = DEBUG;
				SWIFT_OPTIMIZATION_LEVEL = "-Onone";
				TARGETED_DEVICE_FAMILY = "1,2";
			};
			name = Debug;
		};
		18A685E41E88E6A00006E116 /* Release */ = {
			isa = XCBuildConfiguration;
			buildSettings = {
				ALWAYS_SEARCH_USER_PATHS = NO;
				CLANG_ANALYZER_NONNULL = YES;
				CLANG_CXX_LANGUAGE_STANDARD = "gnu++0x";
				CLANG_CXX_LIBRARY = "libc++";
				CLANG_ENABLE_MODULES = YES;
				CLANG_ENABLE_OBJC_ARC = YES;
				CLANG_WARN_BOOL_CONVERSION = YES;
				CLANG_WARN_CONSTANT_CONVERSION = YES;
				CLANG_WARN_DIRECT_OBJC_ISA_USAGE = YES_ERROR;
				CLANG_WARN_DOCUMENTATION_COMMENTS = YES;
				CLANG_WARN_EMPTY_BODY = YES;
				CLANG_WARN_ENUM_CONVERSION = YES;
				CLANG_WARN_INFINITE_RECURSION = YES;
				CLANG_WARN_INT_CONVERSION = YES;
				CLANG_WARN_OBJC_ROOT_CLASS = YES_ERROR;
				CLANG_WARN_SUSPICIOUS_MOVES = YES;
				CLANG_WARN_UNREACHABLE_CODE = YES;
				CLANG_WARN__DUPLICATE_METHOD_MATCH = YES;
				"CODE_SIGN_IDENTITY[sdk=iphoneos*]" = "iPhone Developer";
				COPY_PHASE_STRIP = NO;
				DEBUG_INFORMATION_FORMAT = "dwarf-with-dsym";
				ENABLE_NS_ASSERTIONS = NO;
				ENABLE_STRICT_OBJC_MSGSEND = YES;
				GCC_C_LANGUAGE_STANDARD = gnu99;
				GCC_NO_COMMON_BLOCKS = YES;
				GCC_WARN_64_TO_32_BIT_CONVERSION = YES;
				GCC_WARN_ABOUT_RETURN_TYPE = YES_ERROR;
				GCC_WARN_UNDECLARED_SELECTOR = YES;
				GCC_WARN_UNINITIALIZED_AUTOS = YES_AGGRESSIVE;
				GCC_WARN_UNUSED_FUNCTION = YES;
				GCC_WARN_UNUSED_VARIABLE = YES;
				IPHONEOS_DEPLOYMENT_TARGET = 10.0;
				MTL_ENABLE_DEBUG_INFO = NO;
				SDKROOT = iphoneos;
				SWIFT_OPTIMIZATION_LEVEL = "-Owholemodule";
				TARGETED_DEVICE_FAMILY = "1,2";
				VALIDATE_PRODUCT = YES;
			};
			name = Release;
		};
		18A685E61E88E6A00006E116 /* Debug */ = {
			isa = XCBuildConfiguration;
			baseConfigurationReference = F49398CA026D9809A891F14A /* Pods-WebRTCSwift.debug.xcconfig */;
			buildSettings = {
				ASSETCATALOG_COMPILER_APPICON_NAME = AppIcon;
				DEVELOPMENT_TEAM = J46LC7KBX4;
				ENABLE_BITCODE = NO;
				FRAMEWORK_SEARCH_PATHS = (
					"$(inherited)",
					"$(PROJECT_DIR)/WebRTCSwift/WebRTC",
				);
				INFOPLIST_FILE = WebRTCSwift/Info.plist;
				IPHONEOS_DEPLOYMENT_TARGET = 9.0;
				LD_RUNPATH_SEARCH_PATHS = "$(inherited) @executable_path/Frameworks";
				PRODUCT_BUNDLE_IDENTIFIER = cn.szwwz.WebRTCSwift;
				PRODUCT_NAME = "$(TARGET_NAME)";
				SWIFT_VERSION = 3.0;
			};
			name = Debug;
		};
		18A685E71E88E6A00006E116 /* Release */ = {
			isa = XCBuildConfiguration;
			baseConfigurationReference = 73B3B5DB9F1C7FC849DBB35F /* Pods-WebRTCSwift.release.xcconfig */;
			buildSettings = {
				ASSETCATALOG_COMPILER_APPICON_NAME = AppIcon;
				DEVELOPMENT_TEAM = J46LC7KBX4;
				ENABLE_BITCODE = NO;
				FRAMEWORK_SEARCH_PATHS = (
					"$(inherited)",
					"$(PROJECT_DIR)/WebRTCSwift/WebRTC",
				);
				INFOPLIST_FILE = WebRTCSwift/Info.plist;
				IPHONEOS_DEPLOYMENT_TARGET = 9.0;
				LD_RUNPATH_SEARCH_PATHS = "$(inherited) @executable_path/Frameworks";
				PRODUCT_BUNDLE_IDENTIFIER = cn.szwwz.WebRTCSwift;
				PRODUCT_NAME = "$(TARGET_NAME)";
				SWIFT_VERSION = 3.0;
			};
			name = Release;
		};
/* End XCBuildConfiguration section */

/* Begin XCConfigurationList section */
		18A685CE1E88E6A00006E116 /* Build configuration list for PBXProject "WebRTCSwift" */ = {
			isa = XCConfigurationList;
			buildConfigurations = (
				18A685E31E88E6A00006E116 /* Debug */,
				18A685E41E88E6A00006E116 /* Release */,
			);
			defaultConfigurationIsVisible = 0;
			defaultConfigurationName = Release;
		};
		18A685E51E88E6A00006E116 /* Build configuration list for PBXNativeTarget "WebRTCSwift" */ = {
			isa = XCConfigurationList;
			buildConfigurations = (
				18A685E61E88E6A00006E116 /* Debug */,
				18A685E71E88E6A00006E116 /* Release */,
			);
			defaultConfigurationIsVisible = 0;
			defaultConfigurationName = Release;
		};
/* End XCConfigurationList section */
	};
	rootObject = 18A685CB1E88E6A00006E116 /* Project object */;
}
